
Microsoft Visual Studio Solution File, Format Version 12.00
# Visual Studio Version 17
VisualStudioVersion = 17.5.002.0
MinimumVisualStudioVersion = 10.0.40219.1
Project("{9A19103F-16F7-4668-BE54-9A1E7A4F7556}") = "APIWeb_SPASentirseBien", "APIWeb_SPASentirseBien.csproj", "{3C6B7DF8-D80E-4C97-A84E-8EE3E102FCD1}"
EndProject
Global
	GlobalSection(SolutionConfigurationPlatforms) = preSolution
		Debug|Any CPU = Debug|Any CPU
		Release|Any CPU = Release|Any CPU
	EndGlobalSection
	GlobalSection(ProjectConfigurationPlatforms) = postSolution
		{3C6B7DF8-D80E-4C97-A84E-8EE3E102FCD1}.Debug|Any CPU.ActiveCfg = Debug|Any CPU
		{3C6B7DF8-D80E-4C97-A84E-8EE3E102FCD1}.Debug|Any CPU.Build.0 = Debug|Any CPU
		{3C6B7DF8-D80E-4C97-A84E-8EE3E102FCD1}.Release|Any CPU.ActiveCfg = Release|Any CPU
		{3C6B7DF8-D80E-4C97-A84E-8EE3E102FCD1}.Release|Any CPU.Build.0 = Release|Any CPU
	EndGlobalSection
	GlobalSection(SolutionProperties) = preSolution
		HideSolutionNode = FALSE
	EndGlobalSection
	GlobalSection(ExtensibilityGlobals) = postSolution
		SolutionGuid = {EEC2AD7A-7321-41DF-97A3-BFB3263892A4}
	EndGlobalSection
EndGlobal
